
Microsoft Visual Studio Solution File, Format Version 12.00
# Visual Studio Version 16
VisualStudioVersion = 16.0.30413.136
MinimumVisualStudioVersion = 10.0.40219.1
Project("{FAE04EC0-301F-11D3-BF4B-00C04F79EFBC}") = "Fields", "Fields\Fields.csproj", "{D7755DFC-1D8C-4C81-934B-4EAD9BFDEBD8}"
EndProject
Project("{2150E333-8FDC-42A3-9474-1A3956D46DE8}") = "Solution Items", "Solution Items", "{DF3DA5E2-4725-4CCB-A05A-B89AB39E82FC}"
	ProjectSection(SolutionItems) = preProject
		Points.ps = Points.ps
	EndProjectSection
EndProject
Global
	GlobalSection(SolutionConfigurationPlatforms) = preSolution
		Debug|Any CPU = Debug|Any CPU
		Release|Any CPU = Release|Any CPU
	EndGlobalSection
	GlobalSection(ProjectConfigurationPlatforms) = postSolution
		{D7755DFC-1D8C-4C81-934B-4EAD9BFDEBD8}.Debug|Any CPU.ActiveCfg = Debug|Any CPU
		{D7755DFC-1D8C-4C81-934B-4EAD9BFDEBD8}.Debug|Any CPU.Build.0 = Debug|Any CPU
		{D7755DFC-1D8C-4C81-934B-4EAD9BFDEBD8}.Release|Any CPU.ActiveCfg = Release|Any CPU
		{D7755DFC-1D8C-4C81-934B-4EAD9BFDEBD8}.Release|Any CPU.Build.0 = Release|Any CPU
	EndGlobalSection
	GlobalSection(SolutionProperties) = preSolution
		HideSolutionNode = FALSE
	EndGlobalSection
	GlobalSection(ExtensibilityGlobals) = postSolution
		SolutionGuid = {46C27A7B-1A34-4D3C-9032-352A33415F9C}
	EndGlobalSection
EndGlobal
